
Microsoft Visual Studio Solution File, Format Version 12.00
# Visual Studio Version 16
VisualStudioVersion = 16.0.30204.135
MinimumVisualStudioVersion = 10.0.40219.1
Project("{FAE04EC0-301F-11D3-BF4B-00C04F79EFBC}") = "Test2", "Test2.csproj", "{15F29425-D062-4AA1-953C-B1A95C57C324}"
EndProject
Global
	GlobalSection(SolutionConfigurationPlatforms) = preSolution
		Debug|Any CPU = Debug|Any CPU
		Release|Any CPU = Release|Any CPU
	EndGlobalSection
	GlobalSection(ProjectConfigurationPlatforms) = postSolution
		{15F29425-D062-4AA1-953C-B1A95C57C324}.Debug|Any CPU.ActiveCfg = Debug|Any CPU
		{15F29425-D062-4AA1-953C-B1A95C57C324}.Debug|Any CPU.Build.0 = Debug|Any CPU
		{15F29425-D062-4AA1-953C-B1A95C57C324}.Release|Any CPU.ActiveCfg = Release|Any CPU
		{15F29425-D062-4AA1-953C-B1A95C57C324}.Release|Any CPU.Build.0 = Release|Any CPU
	EndGlobalSection
	GlobalSection(SolutionProperties) = preSolution
		HideSolutionNode = FALSE
	EndGlobalSection
	GlobalSection(ExtensibilityGlobals) = postSolution
		SolutionGuid = {4EA8190E-BE2F-460E-8FD3-D00F60A17A1E}
	EndGlobalSection
EndGlobal
